github.com/dylanzenner/letsGoAgain v0.0.0-20230627214032-8ad9fb4927ca h1:G5aQtvINtJLO9CrCiETHHWzituRFtf1bNHvZXZRmDbQ=
github.com/dylanzenner/letsGoAgain v0.0.0-20230627214032-8ad9fb4927ca/go.mod h1:m4H58T52fhJBm9tmyUURuHK4JCIiTCwR2TR01zlfxO4=
github.com/dylanzenner/letsGoAgain v0.0.0-20230627221354-d6cfb423ce22 h1:OQQ05WaskIrgEIMK39EoAShv3RcL4eG2KWAOMMjD/aY=
github.com/dylanzenner/letsGoAgain v0.0.0-20230627221354-d6cfb423ce22/go.mod h1:m4H58T52fhJBm9tmyUURuHK4JCIiTCwR2TR01zlfxO4=
